
Microsoft Visual Studio Solution File, Format Version 12.00
# Visual Studio 14
VisualStudioVersion = 14.0.25420.1
MinimumVisualStudioVersion = 10.0.40219.1
Project("{8BC9CEB8-8B4A-11D0-8D11-00A0C91BC942}") = "MorphRecode", "iRektKit\iRektKit.vcxproj", "{45A301E6-73EC-4F60-88F4-D1D5154B58D7}"
EndProject
Project("{8BC9CEB8-8B4A-11D0-8D11-00A0C91BC942}") = "interfaces", "D:\smarthack\organner recode\CSGO-SDK\interfaces\interfaces.vcxproj", "{E1DA8DB8-FB4C-4B14-91A6-98BCED6B9720}"
EndProject
Project("{8BC9CEB8-8B4A-11D0-8D11-00A0C91BC942}") = "tier1", "D:\smarthack\organner recode\CSGO-SDK\tier1\tier1.vcxproj", "{FB71A079-5920-4340-AF46-0CE1EA1FDC96}"
EndProject
Global
	GlobalSection(SolutionConfigurationPlatforms) = preSolution
		Debug|x86 = Debug|x86
		Release|x86 = Release|x86
	EndGlobalSection
	GlobalSection(ProjectConfigurationPlatforms) = postSolution
		{45A301E6-73EC-4F60-88F4-D1D5154B58D7}.Debug|x86.ActiveCfg = Debug|Win32
		{45A301E6-73EC-4F60-88F4-D1D5154B58D7}.Debug|x86.Build.0 = Debug|Win32
		{45A301E6-73EC-4F60-88F4-D1D5154B58D7}.Release|x86.ActiveCfg = Release|Win32
		{45A301E6-73EC-4F60-88F4-D1D5154B58D7}.Release|x86.Build.0 = Release|Win32
		{E1DA8DB8-FB4C-4B14-91A6-98BCED6B9720}.Debug|x86.ActiveCfg = Debug|Win32
		{E1DA8DB8-FB4C-4B14-91A6-98BCED6B9720}.Debug|x86.Build.0 = Debug|Win32
		{E1DA8DB8-FB4C-4B14-91A6-98BCED6B9720}.Release|x86.ActiveCfg = Release|Win32
		{E1DA8DB8-FB4C-4B14-91A6-98BCED6B9720}.Release|x86.Build.0 = Release|Win32
		{FB71A079-5920-4340-AF46-0CE1EA1FDC96}.Debug|x86.ActiveCfg = Debug|Win32
		{FB71A079-5920-4340-AF46-0CE1EA1FDC96}.Debug|x86.Build.0 = Debug|Win32
		{FB71A079-5920-4340-AF46-0CE1EA1FDC96}.Release|x86.ActiveCfg = Release|Win32
		{FB71A079-5920-4340-AF46-0CE1EA1FDC96}.Release|x86.Build.0 = Release|Win32
	EndGlobalSection
	GlobalSection(SolutionProperties) = preSolution
		HideSolutionNode = FALSE
	EndGlobalSection
EndGlobal
